
Microsoft Visual Studio Solution File, Format Version 12.00
# Visual Studio Version 17
VisualStudioVersion = 17.5.33516.290
MinimumVisualStudioVersion = 10.0.40219.1
Project("{FAE04EC0-301F-11D3-BF4B-00C04F79EFBC}") = "IpAddressToLocationService", "IpAddressToLocationService\IpAddressToLocationService.csproj", "{D0DE43BC-FB37-488E-ABD0-4B76370E5849}"
EndProject
Project("{FAE04EC0-301F-11D3-BF4B-00C04F79EFBC}") = "IpAddressToLocation", "IpAddressToLocation\IpAddressToLocation.csproj", "{C612C199-7F2E-4246-B69A-B2286E7D0A6C}"
EndProject
Project("{FAE04EC0-301F-11D3-BF4B-00C04F79EFBC}") = "IpAddressToLocationTests", "IpAddressToLocationTests\IpAddressToLocationTests.csproj", "{FF5627EE-8934-4965-B81D-1A1EC383ABCC}"
EndProject
Project("{FAE04EC0-301F-11D3-BF4B-00C04F79EFBC}") = "IpAddressToLocationServiceTests", "IpAddressToLocationServiceTests\IpAddressToLocationServiceTests.csproj", "{5A44DFA0-E1A0-49A8-B43F-F1A36BAA74BB}"
EndProject
Project("{FAE04EC0-301F-11D3-BF4B-00C04F79EFBC}") = "IpAddressToLocationServiceIntegrationTests", "IpAddressToLocationServiceIntegrationTests\IpAddressToLocationServiceIntegrationTests.csproj", "{5F1F1073-4E44-49BF-AE4A-1C96E2AEF1A2}"
EndProject
Global
	GlobalSection(SolutionConfigurationPlatforms) = preSolution
		Debug|Any CPU = Debug|Any CPU
		Release|Any CPU = Release|Any CPU
	EndGlobalSection
	GlobalSection(ProjectConfigurationPlatforms) = postSolution
		{D0DE43BC-FB37-488E-ABD0-4B76370E5849}.Debug|Any CPU.ActiveCfg = Debug|Any CPU
		{D0DE43BC-FB37-488E-ABD0-4B76370E5849}.Debug|Any CPU.Build.0 = Debug|Any CPU
		{D0DE43BC-FB37-488E-ABD0-4B76370E5849}.Release|Any CPU.ActiveCfg = Release|Any CPU
		{D0DE43BC-FB37-488E-ABD0-4B76370E5849}.Release|Any CPU.Build.0 = Release|Any CPU
		{C612C199-7F2E-4246-B69A-B2286E7D0A6C}.Debug|Any CPU.ActiveCfg = Debug|Any CPU
		{C612C199-7F2E-4246-B69A-B2286E7D0A6C}.Debug|Any CPU.Build.0 = Debug|Any CPU
		{C612C199-7F2E-4246-B69A-B2286E7D0A6C}.Release|Any CPU.ActiveCfg = Release|Any CPU
		{C612C199-7F2E-4246-B69A-B2286E7D0A6C}.Release|Any CPU.Build.0 = Release|Any CPU
		{FF5627EE-8934-4965-B81D-1A1EC383ABCC}.Debug|Any CPU.ActiveCfg = Debug|Any CPU
		{FF5627EE-8934-4965-B81D-1A1EC383ABCC}.Debug|Any CPU.Build.0 = Debug|Any CPU
		{FF5627EE-8934-4965-B81D-1A1EC383ABCC}.Release|Any CPU.ActiveCfg = Release|Any CPU
		{FF5627EE-8934-4965-B81D-1A1EC383ABCC}.Release|Any CPU.Build.0 = Release|Any CPU
		{5A44DFA0-E1A0-49A8-B43F-F1A36BAA74BB}.Debug|Any CPU.ActiveCfg = Debug|Any CPU
		{5A44DFA0-E1A0-49A8-B43F-F1A36BAA74BB}.Debug|Any CPU.Build.0 = Debug|Any CPU
		{5A44DFA0-E1A0-49A8-B43F-F1A36BAA74BB}.Release|Any CPU.ActiveCfg = Release|Any CPU
		{5A44DFA0-E1A0-49A8-B43F-F1A36BAA74BB}.Release|Any CPU.Build.0 = Release|Any CPU
		{5F1F1073-4E44-49BF-AE4A-1C96E2AEF1A2}.Debug|Any CPU.ActiveCfg = Debug|Any CPU
		{5F1F1073-4E44-49BF-AE4A-1C96E2AEF1A2}.Debug|Any CPU.Build.0 = Debug|Any CPU
		{5F1F1073-4E44-49BF-AE4A-1C96E2AEF1A2}.Release|Any CPU.ActiveCfg = Release|Any CPU
		{5F1F1073-4E44-49BF-AE4A-1C96E2AEF1A2}.Release|Any CPU.Build.0 = Release|Any CPU
	EndGlobalSection
	GlobalSection(SolutionProperties) = preSolution
		HideSolutionNode = FALSE
	EndGlobalSection
	GlobalSection(ExtensibilityGlobals) = postSolution
		SolutionGuid = {54FE5579-05EE-43DC-A249-3BBFDD4270BC}
	EndGlobalSection
EndGlobal
